
Microsoft Visual Studio Solution File, Format Version 12.00
Project("{FAE04EC0-301F-11D3-BF4B-00C04F79EFBC}") = "serverSide", "serverSide\serverSide.csproj", "{71CDE4AD-3DE3-4B46-989C-246087C51769}"
EndProject
Project("{FAE04EC0-301F-11D3-BF4B-00C04F79EFBC}") = "clientSide", "clientSide\clientSide.csproj", "{2C7084B4-8CA2-4EA5-9352-AC5A49AC29C0}"
EndProject
Project("{FAE04EC0-301F-11D3-BF4B-00C04F79EFBC}") = "s", "s\s.csproj", "{8E6447F8-4176-4810-8621-F95A413F44C5}"
EndProject
Global
	GlobalSection(SolutionConfigurationPlatforms) = preSolution
		Debug|Any CPU = Debug|Any CPU
		Release|Any CPU = Release|Any CPU
	EndGlobalSection
	GlobalSection(ProjectConfigurationPlatforms) = postSolution
		{71CDE4AD-3DE3-4B46-989C-246087C51769}.Debug|Any CPU.ActiveCfg = Debug|Any CPU
		{71CDE4AD-3DE3-4B46-989C-246087C51769}.Debug|Any CPU.Build.0 = Debug|Any CPU
		{71CDE4AD-3DE3-4B46-989C-246087C51769}.Release|Any CPU.ActiveCfg = Release|Any CPU
		{71CDE4AD-3DE3-4B46-989C-246087C51769}.Release|Any CPU.Build.0 = Release|Any CPU
		{2C7084B4-8CA2-4EA5-9352-AC5A49AC29C0}.Debug|Any CPU.ActiveCfg = Debug|Any CPU
		{2C7084B4-8CA2-4EA5-9352-AC5A49AC29C0}.Debug|Any CPU.Build.0 = Debug|Any CPU
		{2C7084B4-8CA2-4EA5-9352-AC5A49AC29C0}.Release|Any CPU.ActiveCfg = Release|Any CPU
		{2C7084B4-8CA2-4EA5-9352-AC5A49AC29C0}.Release|Any CPU.Build.0 = Release|Any CPU
		{8E6447F8-4176-4810-8621-F95A413F44C5}.Debug|Any CPU.ActiveCfg = Debug|Any CPU
		{8E6447F8-4176-4810-8621-F95A413F44C5}.Debug|Any CPU.Build.0 = Debug|Any CPU
		{8E6447F8-4176-4810-8621-F95A413F44C5}.Release|Any CPU.ActiveCfg = Release|Any CPU
		{8E6447F8-4176-4810-8621-F95A413F44C5}.Release|Any CPU.Build.0 = Release|Any CPU
	EndGlobalSection
EndGlobal

